lockfileVersion: '9.0'

settings:
  autoInstallPeers: true
  excludeLinksFromLockfile: false

importers:

  .:
    dependencies:
      '@bufbuild/protobuf':
        specifier: ^2.10.2
        version: 2.10.2
      '@signalapp/libsignal-client':
        specifier: ^0.78.3
        version: 0.78.3
      idb:
        specifier: ^8.0.3
        version: 8.0.3
      ulid:
        specifier: https://github.com/ash-hashtag/ulid-js
        version: https://codeload.github.com/ash-hashtag/ulid-js/tar.gz/283730e9fa74ebc387b9e498963f927ce0b0ed79
    devDependencies:
      ts-proto:
        specifier: ^2.7.5
        version: 2.10.1

packages:

  '@bufbuild/protobuf@2.10.2':
    resolution: {integrity: sha512-uFsRXwIGyu+r6AMdz+XijIIZJYpoWeYzILt5yZ2d3mCjQrWUTVpVD9WL/jZAbvp+Ed04rOhrsk7FiTcEDseB5A==}

  '@signalapp/libsignal-client@0.78.3':
    resolution: {integrity: sha512-svxZn9dnK49nx4J3pxlQYW34NUfDHQgdVPElQlOcoMzwgdFJBF5re7UBLeZOWdWvoNK3ZZOFF+/AYOk51r2QKw==}

  case-anything@2.1.13:
    resolution: {integrity: sha512-zlOQ80VrQ2Ue+ymH5OuM/DlDq64mEm+B9UTdHULv5osUMD6HalNTblf2b1u/m6QecjsnOkBpqVZ+XPwIVsy7Ng==}
    engines: {node: '>=12.13'}

  detect-libc@1.0.3:
    resolution: {integrity: sha512-pGjwhsmsp4kL2RTz08wcOlGN83otlqHeD/Z5T8GXZB+/YcpQ/dgo+lbU8ZsGxV0HIvqqxo9l7mqYwyYMD9bKDg==}
    engines: {node: '>=0.10'}
    hasBin: true

  dprint-node@1.0.8:
    resolution: {integrity: sha512-iVKnUtYfGrYcW1ZAlfR/F59cUVL8QIhWoBJoSjkkdua/dkWIgjZfiLMeTjiB06X0ZLkQ0M2C1VbUj/CxkIf1zg==}

  idb@8.0.3:
    resolution: {integrity: sha512-LtwtVyVYO5BqRvcsKuB2iUMnHwPVByPCXFXOpuU96IZPPoPN6xjOGxZQ74pgSVVLQWtUOYgyeL4GE98BY5D3wg==}

  node-gyp-build@4.8.4:
    resolution: {integrity: sha512-LA4ZjwlnUblHVgq0oBF3Jl/6h/Nvs5fzBLwdEF4nuxnFdsfajde4WfxtJr3CaiH+F6ewcIB/q4jQ4UzPyid+CQ==}
    hasBin: true

  ts-poet@6.12.0:
    resolution: {integrity: sha512-xo+iRNMWqyvXpFTaOAvLPA5QAWO6TZrSUs5s4Odaya3epqofBu/fMLHEWl8jPmjhA0s9sgj9sNvF1BmaQlmQkA==}

  ts-proto-descriptors@2.1.0:
    resolution: {integrity: sha512-S5EZYEQ6L9KLFfjSRpZWDIXDV/W7tAj8uW7pLsihIxyr62EAVSiKuVPwE8iWnr849Bqa53enex1jhDUcpgquzA==}

  ts-proto@2.10.1:
    resolution: {integrity: sha512-4sOE1hCs0uobJgdRCtcEwdbc8MAyKP+LJqUIKxZIiKac0rPBlVKsRGEGo2oQ1MnKA2Wwk0KuGP2POkiCwPtebw==}
    hasBin: true

  type-fest@4.41.0:
    resolution: {integrity: sha512-TeTSQ6H5YHvpqVwBRcnLDCBnDOHWYu7IvGbHT6N8AOymcr9PJGjc1GTtiWZTYg0NCgYwvnYWEkVChQAr9bjfwA==}
    engines: {node: '>=16'}

  ulid@https://codeload.github.com/ash-hashtag/ulid-js/tar.gz/283730e9fa74ebc387b9e498963f927ce0b0ed79:
    resolution: {tarball: https://codeload.github.com/ash-hashtag/ulid-js/tar.gz/283730e9fa74ebc387b9e498963f927ce0b0ed79}
    version: 3.0.1
    hasBin: true

  uuid@11.1.0:
    resolution: {integrity: sha512-0/A9rDy9P7cJ+8w1c9WD9V//9Wj15Ce2MPz8Ri6032usz+NfePxx5AcN3bN+r6ZL6jEo066/yNYB3tn4pQEx+A==}
    hasBin: true

snapshots:

  '@bufbuild/protobuf@2.10.2': {}

  '@signalapp/libsignal-client@0.78.3':
    dependencies:
      node-gyp-build: 4.8.4
      type-fest: 4.41.0
      uuid: 11.1.0

  case-anything@2.1.13: {}

  detect-libc@1.0.3: {}

  dprint-node@1.0.8:
    dependencies:
      detect-libc: 1.0.3

  idb@8.0.3: {}

  node-gyp-build@4.8.4: {}

  ts-poet@6.12.0:
    dependencies:
      dprint-node: 1.0.8

  ts-proto-descriptors@2.1.0:
    dependencies:
      '@bufbuild/protobuf': 2.10.2

  ts-proto@2.10.1:
    dependencies:
      '@bufbuild/protobuf': 2.10.2
      case-anything: 2.1.13
      ts-poet: 6.12.0
      ts-proto-descriptors: 2.1.0

  type-fest@4.41.0: {}

  ulid@https://codeload.github.com/ash-hashtag/ulid-js/tar.gz/283730e9fa74ebc387b9e498963f927ce0b0ed79: {}

  uuid@11.1.0: {}
