# THIS IS AN AUTOGENERATED FILE. DO NOT EDIT THIS FILE DIRECTLY.
# yarn lockfile v1


"@bufbuild/protobuf@^2.0.0":
  version "2.6.1"
  resolved "https://registry.yarnpkg.com/@bufbuild/protobuf/-/protobuf-2.6.1.tgz#6d80aa2c0bf6a493d66609ff1ad84d1a0c15acf5"
  integrity sha512-DaG6XlyKpz08bmHY5SGX2gfIllaqtDJ/KwVoxsmP22COOLYwDBe7yD3DZGwXem/Xq7QOc9cuR7R3MpAv5CFfDw==

case-anything@^2.1.13:
  version "2.1.13"
  resolved "https://registry.yarnpkg.com/case-anything/-/case-anything-2.1.13.tgz#0cdc16278cb29a7fcdeb072400da3f342ba329e9"
  integrity sha512-zlOQ80VrQ2Ue+ymH5OuM/DlDq64mEm+B9UTdHULv5osUMD6HalNTblf2b1u/m6QecjsnOkBpqVZ+XPwIVsy7Ng==

detect-libc@^1.0.3:
  version "1.0.3"
  resolved "https://registry.yarnpkg.com/detect-libc/-/detect-libc-1.0.3.tgz#fa137c4bd698edf55cd5cd02ac559f91a4c4ba9b"
  integrity sha512-pGjwhsmsp4kL2RTz08wcOlGN83otlqHeD/Z5T8GXZB+/YcpQ/dgo+lbU8ZsGxV0HIvqqxo9l7mqYwyYMD9bKDg==

dprint-node@^1.0.8:
  version "1.0.8"
  resolved "https://registry.yarnpkg.com/dprint-node/-/dprint-node-1.0.8.tgz#a02470722d8208a7d7eb3704328afda1d6758625"
  integrity sha512-iVKnUtYfGrYcW1ZAlfR/F59cUVL8QIhWoBJoSjkkdua/dkWIgjZfiLMeTjiB06X0ZLkQ0M2C1VbUj/CxkIf1zg==
  dependencies:
    detect-libc "^1.0.3"

ts-poet@^6.12.0:
  version "6.12.0"
  resolved "https://registry.yarnpkg.com/ts-poet/-/ts-poet-6.12.0.tgz#f28eb91778fdff8e1b264600c7ddddb40cd39d84"
  integrity sha512-xo+iRNMWqyvXpFTaOAvLPA5QAWO6TZrSUs5s4Odaya3epqofBu/fMLHEWl8jPmjhA0s9sgj9sNvF1BmaQlmQkA==
  dependencies:
    dprint-node "^1.0.8"

ts-proto-descriptors@2.0.0:
  version "2.0.0"
  resolved "https://registry.yarnpkg.com/ts-proto-descriptors/-/ts-proto-descriptors-2.0.0.tgz#3a0e301a91cc6e932ac8dd13f7e07caa8a032c43"
  integrity sha512-wHcTH3xIv11jxgkX5OyCSFfw27agpInAd6yh89hKG6zqIXnjW9SYqSER2CVQxdPj4czeOhGagNvZBEbJPy7qkw==
  dependencies:
    "@bufbuild/protobuf" "^2.0.0"

ts-proto@^2.7.5:
  version "2.7.5"
  resolved "https://registry.yarnpkg.com/ts-proto/-/ts-proto-2.7.5.tgz#a12bd7b388969f64b3d41814f46d077e71ec304a"
  integrity sha512-FoRxSaNW+P3m+GiXIZjUjhaHXT67Ah4zMGKzn4yklbGRQTS+PqpUhKo5AJnwfUDUByjEUG7ch36byFUYWRH9Nw==
  dependencies:
    "@bufbuild/protobuf" "^2.0.0"
    case-anything "^2.1.13"
    ts-poet "^6.12.0"
    ts-proto-descriptors "2.0.0"
