# THIS IS AN AUTOGENERATED FILE. DO NOT EDIT THIS FILE DIRECTLY.
# yarn lockfile v1


"@bufbuild/protobuf@^2.0.0":
  version "2.10.0"
  resolved "https://registry.yarnpkg.com/@bufbuild/protobuf/-/protobuf-2.10.0.tgz#b444f8aafdfa8c497313c8c0f0e7e2e978c53df5"
  integrity sha512-fdRs9PSrBF7QUntpZpq6BTw58fhgGJojgg39m9oFOJGZT+nip9b0so5cYY1oWl5pvemDLr0cPPsH46vwThEbpQ==

"@signalapp/libsignal-client@^0.78.3":
  version "0.78.3"
  resolved "https://registry.yarnpkg.com/@signalapp/libsignal-client/-/libsignal-client-0.78.3.tgz#5efaf063bedb7b73bb0c05ecd78a6f292561c27c"
  integrity sha512-svxZn9dnK49nx4J3pxlQYW34NUfDHQgdVPElQlOcoMzwgdFJBF5re7UBLeZOWdWvoNK3ZZOFF+/AYOk51r2QKw==
  dependencies:
    node-gyp-build "^4.8.0"
    type-fest "^4.26.0"
    uuid "^11"

case-anything@^2.1.13:
  version "2.1.13"
  resolved "https://registry.yarnpkg.com/case-anything/-/case-anything-2.1.13.tgz#0cdc16278cb29a7fcdeb072400da3f342ba329e9"
  integrity sha512-zlOQ80VrQ2Ue+ymH5OuM/DlDq64mEm+B9UTdHULv5osUMD6HalNTblf2b1u/m6QecjsnOkBpqVZ+XPwIVsy7Ng==

detect-libc@^1.0.3:
  version "1.0.3"
  resolved "https://registry.yarnpkg.com/detect-libc/-/detect-libc-1.0.3.tgz#fa137c4bd698edf55cd5cd02ac559f91a4c4ba9b"
  integrity sha512-pGjwhsmsp4kL2RTz08wcOlGN83otlqHeD/Z5T8GXZB+/YcpQ/dgo+lbU8ZsGxV0HIvqqxo9l7mqYwyYMD9bKDg==

dprint-node@^1.0.8:
  version "1.0.8"
  resolved "https://registry.yarnpkg.com/dprint-node/-/dprint-node-1.0.8.tgz#a02470722d8208a7d7eb3704328afda1d6758625"
  integrity sha512-iVKnUtYfGrYcW1ZAlfR/F59cUVL8QIhWoBJoSjkkdua/dkWIgjZfiLMeTjiB06X0ZLkQ0M2C1VbUj/CxkIf1zg==
  dependencies:
    detect-libc "^1.0.3"

"firefly-mls@https://github.com/lupyd/firefly-mls-js.git":
  version "0.1.0"
  resolved "https://github.com/lupyd/firefly-mls-js.git#8b189eb5ae23dd7eff28791eb4bfa2620693d5e1"

idb@^8.0.3:
  version "8.0.3"
  resolved "https://registry.yarnpkg.com/idb/-/idb-8.0.3.tgz#c91e558f15a8d53f1d7f53a094d226fc3ad71fd9"
  integrity sha512-LtwtVyVYO5BqRvcsKuB2iUMnHwPVByPCXFXOpuU96IZPPoPN6xjOGxZQ74pgSVVLQWtUOYgyeL4GE98BY5D3wg==

"libsignal-protocol@https://github.com/lupyd/libsignal-wasm.git":
  version "0.1.0"
  resolved "https://github.com/lupyd/libsignal-wasm.git#9161e1dad9ae7d51b831fe6360b07e7db8547d4a"

node-gyp-build@^4.8.0:
  version "4.8.4"
  resolved "https://registry.yarnpkg.com/node-gyp-build/-/node-gyp-build-4.8.4.tgz#8a70ee85464ae52327772a90d66c6077a900cfc8"
  integrity sha512-LA4ZjwlnUblHVgq0oBF3Jl/6h/Nvs5fzBLwdEF4nuxnFdsfajde4WfxtJr3CaiH+F6ewcIB/q4jQ4UzPyid+CQ==

ts-poet@^6.12.0:
  version "6.12.0"
  resolved "https://registry.yarnpkg.com/ts-poet/-/ts-poet-6.12.0.tgz#f28eb91778fdff8e1b264600c7ddddb40cd39d84"
  integrity sha512-xo+iRNMWqyvXpFTaOAvLPA5QAWO6TZrSUs5s4Odaya3epqofBu/fMLHEWl8jPmjhA0s9sgj9sNvF1BmaQlmQkA==
  dependencies:
    dprint-node "^1.0.8"

ts-proto-descriptors@2.0.0:
  version "2.0.0"
  resolved "https://registry.yarnpkg.com/ts-proto-descriptors/-/ts-proto-descriptors-2.0.0.tgz#3a0e301a91cc6e932ac8dd13f7e07caa8a032c43"
  integrity sha512-wHcTH3xIv11jxgkX5OyCSFfw27agpInAd6yh89hKG6zqIXnjW9SYqSER2CVQxdPj4czeOhGagNvZBEbJPy7qkw==
  dependencies:
    "@bufbuild/protobuf" "^2.0.0"

ts-proto@^2.7.5:
  version "2.8.1"
  resolved "https://registry.yarnpkg.com/ts-proto/-/ts-proto-2.8.1.tgz#79d16ab9752a67d5ab9efedc693774fb844bc154"
  integrity sha512-suKxr/MaDwCZhWPykXGIanxqFUE79zwN5SUKMCmVzyf32ZZeKSt2aut9kcx9DmXFocf2v1Jpr2ITWIQH4Xz+Bw==
  dependencies:
    "@bufbuild/protobuf" "^2.0.0"
    case-anything "^2.1.13"
    ts-poet "^6.12.0"
    ts-proto-descriptors "2.0.0"

type-fest@^4.26.0:
  version "4.41.0"
  resolved "https://registry.yarnpkg.com/type-fest/-/type-fest-4.41.0.tgz#6ae1c8e5731273c2bf1f58ad39cbae2c91a46c58"
  integrity sha512-TeTSQ6H5YHvpqVwBRcnLDCBnDOHWYu7IvGbHT6N8AOymcr9PJGjc1GTtiWZTYg0NCgYwvnYWEkVChQAr9bjfwA==

"ulid@https://github.com/ash-hashtag/ulid-js":
  version "3.0.1"
  resolved "https://github.com/ash-hashtag/ulid-js#283730e9fa74ebc387b9e498963f927ce0b0ed79"

uuid@^11:
  version "11.1.0"
  resolved "https://registry.yarnpkg.com/uuid/-/uuid-11.1.0.tgz#9549028be1753bb934fc96e2bca09bb4105ae912"
  integrity sha512-0/A9rDy9P7cJ+8w1c9WD9V//9Wj15Ce2MPz8Ri6032usz+NfePxx5AcN3bN+r6ZL6jEo066/yNYB3tn4pQEx+A==
